# This file is automatically @generated by Cargo.
# It is not intended for manual editing.
[[package]]
name = "bitflags"
version = "0.1.1"
source = "registry+https://github.com/rust-lang/crates.io-index"
checksum = "2a6577517ecd0ee0934f48a7295a89aaef3e6dfafeac404f94c0b3448518ddfe"

[[package]]
name = "bufstream"
version = "0.1.1"
source = "registry+https://github.com/rust-lang/crates.io-index"
checksum = "7e493de6a8aed51697088e36dc5245ea3edd34e6872e32c732e5f996ed5b23b2"

[[package]]
name = "byteorder"
version = "0.3.10"
source = "registry+https://github.com/rust-lang/crates.io-index"
checksum = "06e963db1f94b0285456efa76704e12c2be2ee67f742ed5d085b2de6ed7de3c9"

[[package]]
name = "conduit-mime-types"
version = "0.7.3"
source = "registry+https://github.com/rust-lang/crates.io-index"
checksum = "95ca30253581af809925ef68c2641cc140d6183f43e12e0af4992d53768bd7b8"
dependencies = [
 "rustc-serialize",
]

[[package]]
name = "cookie"
version = "0.1.21"
source = "registry+https://github.com/rust-lang/crates.io-index"
checksum = "02443c47d5c80f9b4be9b8f51c0bf307d663fe28b18ccabef44d8b0a4b2a967b"
dependencies = [
 "openssl",
 "rustc-serialize",
 "time",
 "url",
]

[[package]]
name = "debug-builders"
version = "0.1.0"
source = "registry+https://github.com/rust-lang/crates.io-index"
checksum = "0f5d8e3d14cabcb2a8a59d7147289173c6ada77a0bc526f6b85078f941c0cf12"

[[package]]
name = "error"
version = "0.1.7"
source = "registry+https://github.com/rust-lang/crates.io-index"
checksum = "aa18f32e8cb5262901fe4fd9ea0d44607b029605a6e0a84bcdf97e70539c7b4a"
dependencies = [
 "traitobject 0.0.3",
 "typeable",
]

[[package]]
name = "gcc"
version = "0.3.6"
source = "registry+https://github.com/rust-lang/crates.io-index"
checksum = "f27f66ae3cf2c151666a59e1355d0e4657d59035b67d2824a2e07b4560b32723"

[[package]]
name = "httparse"
version = "0.1.3"
source = "registry+https://github.com/rust-lang/crates.io-index"
checksum = "5ded251d96eb6f29e9f2e6393b00b3efc731baaebb5707608c8bbe8403489fab"

[[package]]
name = "hyper"
version = "0.5.2"
source = "registry+https://github.com/rust-lang/crates.io-index"
checksum = "44d3d19d6fddca5bb908da9f10e905b27045ba359bbd7372b2949202be246b79"
dependencies = [
 "cookie",
 "httparse",
 "log",
 "mime",
 "num_cpus",
 "openssl",
 "rustc-serialize",
 "time",
 "traitobject 0.0.1",
 "typeable",
 "unicase",
 "url",
]

[[package]]
name = "iron"
version = "0.1.18"
source = "registry+https://github.com/rust-lang/crates.io-index"
checksum = "cef5678e63aff37b94330890e7b1903f778f3d0952c8b2b5fdfb0526f44349ea"
dependencies = [
 "conduit-mime-types",
 "error",
 "hyper",
 "lazy_static",
 "log",
 "modifier",
 "num_cpus",
 "plugin",
 "typemap",
 "url",
]

[[package]]
name = "lazy_static"
version = "0.1.11"
source = "registry+https://github.com/rust-lang/crates.io-index"
checksum = "e28c1b44cbc32bd37553b2c1b2d3f744ffadb6ce26381c9018492364ecb525d0"

[[package]]
name = "libc"
version = "0.1.8"
source = "registry+https://github.com/rust-lang/crates.io-index"
checksum = "a64b9ad3eea69f6f43b87c07c0534505a68c8834ad4c6bad4089de15e45cec83"

[[package]]
name = "libc"
version = "0.2.14"
source = "registry+https://github.com/rust-lang/crates.io-index"
checksum = "39dfaaa0f4da0f1a06876c5d94329d739ad0150868069cc235f1ddf80a0480e7"

[[package]]
name = "libressl-pnacl-sys"
version = "2.1.5"
source = "registry+https://github.com/rust-lang/crates.io-index"
checksum = "aebb4b32c6b607f737d921dde41712e00905a77f5968b5471466534e34ab447c"
dependencies = [
 "pnacl-build-helper",
]

[[package]]
name = "log"
version = "0.3.1"
source = "registry+https://github.com/rust-lang/crates.io-index"
checksum = "d2ee3324e161fe61168b08bcd096f1e023d14f0777a076ba14d1825ea3b99d40"
dependencies = [
 "libc 0.1.8",
]

[[package]]
name = "matches"
version = "0.1.2"
source = "registry+https://github.com/rust-lang/crates.io-index"
checksum = "15305656809ce5a4805b1ff2946892810992197ce1270ff79baded852187942e"

[[package]]
name = "mime"
version = "0.0.11"
source = "registry+https://github.com/rust-lang/crates.io-index"
checksum = "75a557e11da601c142fff546afa8fb97e812fa3180bb2540bbd1e57893867fe1"
dependencies = [
 "log",
]

[[package]]
name = "modifier"
version = "0.1.0"
source = "registry+https://github.com/rust-lang/crates.io-index"
checksum = "41f5c9112cb662acd3b204077e0de5bc66305fa8df65c8019d5adb10e9ab6e58"

[[package]]
name = "num_cpus"
version = "0.2.6"
source = "registry+https://github.com/rust-lang/crates.io-index"
checksum = "aed7a0c6b051811d1b6c6d36a77f5820d2b520c8e832ea47cb0754f90d340e31"
dependencies = [
 "libc 0.1.8",
]

[[package]]
name = "openssl"
version = "0.6.2"
source = "registry+https://github.com/rust-lang/crates.io-index"
checksum = "3eb9177f6e48ea06acfa25820e063c5c14a22d00aa1036843b9a8afd76d13209"
dependencies = [
 "bitflags",
 "lazy_static",
 "libc 0.1.8",
 "openssl-sys",
]

[[package]]
name = "openssl-sys"
version = "0.6.2"
source = "registry+https://github.com/rust-lang/crates.io-index"
checksum = "c71176e711c8cac71c002e12f239849b190d96e491dfb88b79cef21725120de2"
dependencies = [
 "gcc",
 "libc 0.1.8",
 "libressl-pnacl-sys",
 "pkg-config",
]

[[package]]
name = "phf"
version = "0.7.3"
source = "registry+https://github.com/rust-lang/crates.io-index"
checksum = "3d894aa0aecb0a318896e69f6233e5a2c43c427349ea9777f83cb96df00150a6"
dependencies = [
 "debug-builders",
 "phf_shared",
]

[[package]]
name = "phf_codegen"
version = "0.7.3"
source = "registry+https://github.com/rust-lang/crates.io-index"
checksum = "f6665662e76507888fc9cecc87ecc02f882c4630eadcdfe425ec986bb6bb3c6b"
dependencies = [
 "phf_generator",
 "phf_shared",
]

[[package]]
name = "phf_generator"
version = "0.7.3"
source = "registry+https://github.com/rust-lang/crates.io-index"
checksum = "48e4383c5f95d3732611b37b6a779b314cd1c477156005bf87ead3eab6991df5"
dependencies = [
 "phf_shared",
 "rand",
]

[[package]]
name = "phf_shared"
version = "0.7.3"
source = "registry+https://github.com/rust-lang/crates.io-index"
checksum = "4542e01fbf65d853a2d55276c4f749b85445d6e5730ee5afc862319b8427a818"

[[package]]
name = "pkg-config"
version = "0.3.4"
source = "registry+https://github.com/rust-lang/crates.io-index"
checksum = "0b9f5685d8083d3955a9b8c97670d6bd8aa7d54877c778a1ca3afed54987b485"

[[package]]
name = "plugin"
version = "0.2.6"
source = "registry+https://github.com/rust-lang/crates.io-index"
checksum = "1a6a0dc3910bc8db877ffed8e457763b317cf880df4ae19109b9f77d277cf6e0"
dependencies = [
 "typemap",
]

[[package]]
name = "pnacl-build-helper"
version = "1.4.0"
source = "registry+https://github.com/rust-lang/crates.io-index"
checksum = "5091115a532f2f9c036e178b9f800de59208a666896947650bed9026e754e1da"
dependencies = [
 "tempdir",
]

[[package]]
name = "postgres"
version = "0.9.1"
source = "registry+https://github.com/rust-lang/crates.io-index"
checksum = "e5cdbe3dbef21c2b7a37f7821d1aef675da052535b33babbcc3199648305e58e"
dependencies = [
 "bufstream",
 "byteorder",
 "debug-builders",
 "log",
 "phf",
 "phf_codegen",
 "rust-crypto",
 "rustc-serialize",
]

[[package]]
name = "rand"
version = "0.3.14"
source = "registry+https://github.com/rust-lang/crates.io-index"
checksum = "2791d88c6defac799c3f20d74f094ca33b9332612d9aef9078519c82e4fe04a5"
dependencies = [
 "libc 0.2.14",
]

[[package]]
name = "route-recognizer"
version = "0.1.11"
source = "registry+https://github.com/rust-lang/crates.io-index"
checksum = "4f0a750d020adb1978f5964ea7bca830585899b09da7cbb3f04961fc2400122d"

[[package]]
name = "router"
version = "0.0.10"
source = "registry+https://github.com/rust-lang/crates.io-index"
checksum = "c8f3d503583a1088c145c36aaf97e59eaf3ee605d7e5034283871b20c487bd92"
dependencies = [
 "iron",
 "route-recognizer",
]

[[package]]
name = "rust-crypto"
version = "0.2.31"
source = "registry+https://github.com/rust-lang/crates.io-index"
checksum = "fa2fc1f947e9d2c0dfca3b02921920f5ba9065aa6a7257ca7c5b1b272a8e2826"
dependencies = [
 "gcc",
 "libc 0.1.8",
 "rand",
 "rustc-serialize",
 "time",
]

[[package]]
name = "rust-ini"
version = "0.9.2"
source = "git+https://github.com/zonyitoo/rust-ini/#98a516bd64dcd8b91843821cf46c26a2855c3796"
dependencies = [
 "log",
]

[[package]]
name = "rust-phonebook"
version = "0.1.0"
dependencies = [
 "iron",
 "postgres",
 "router",
 "rust-ini",
 "rustc-serialize",
 "url",
]

[[package]]
name = "rustc-serialize"
version = "0.3.19"
source = "registry+https://github.com/rust-lang/crates.io-index"
checksum = "6159e4e6e559c81bd706afe9c8fd68f547d3e851ce12e76b1de7914bab61691b"

[[package]]
name = "tempdir"
version = "0.3.4"
source = "registry+https://github.com/rust-lang/crates.io-index"
checksum = "0b62933a3f96cd559700662c34f8bab881d9e3540289fb4f368419c7f13a5aa9"
dependencies = [
 "rand",
]

[[package]]
name = "time"
version = "0.1.26"
source = "registry+https://github.com/rust-lang/crates.io-index"
checksum = "1f9b6beb332c0937884a444f14d63872d44b75cc228c387b332dff50fb232e18"
dependencies = [
 "gcc",
 "libc 0.1.8",
]

[[package]]
name = "traitobject"
version = "0.0.1"
source = "registry+https://github.com/rust-lang/crates.io-index"
checksum = "07eaeb7689bb7fca7ce15628319635758eda769fed481ecfe6686ddef2600616"

[[package]]
name = "traitobject"
version = "0.0.3"
source = "registry+https://github.com/rust-lang/crates.io-index"
checksum = "9dc23794ff47c95882da6f9d15de9a6be14987760a28cc0aafb40b7675ef09d8"

[[package]]
name = "typeable"
version = "0.1.2"
source = "registry+https://github.com/rust-lang/crates.io-index"
checksum = "1410f6f91f21d1612654e7cc69193b0334f909dcf2c790c4826254fbb86f8887"

[[package]]
name = "typemap"
version = "0.3.2"
source = "registry+https://github.com/rust-lang/crates.io-index"
checksum = "d0d2a4730411b6f8318d58422caadf0d53786611838507ef2ec28a817ac931b6"
dependencies = [
 "unsafe-any",
]

[[package]]
name = "unicase"
version = "0.1.0"
source = "registry+https://github.com/rust-lang/crates.io-index"
checksum = "eb36c77a753bc1b3e70d48b356fcdd97a23e6efca007b280dc020dd112018bfb"

[[package]]
name = "unsafe-any"
version = "0.4.1"
source = "registry+https://github.com/rust-lang/crates.io-index"
checksum = "b351086021ebc264aea3ab4f94d61d889d98e5e9ec2d985d993f50133537fd3a"
dependencies = [
 "traitobject 0.0.3",
]

[[package]]
name = "url"
version = "0.2.35"
source = "registry+https://github.com/rust-lang/crates.io-index"
checksum = "792ba7b0a4bb1de8887936321a041947144c8ed163760352413e57c1fe3608a2"
dependencies = [
 "matches",
 "rustc-serialize",
]
